
Microsoft Visual Studio Solution File, Format Version 12.00
# Visual Studio Version 16
VisualStudioVersion = 16.0.30907.101
MinimumVisualStudioVersion = 10.0.40219.1
Project("{FAE04EC0-301F-11D3-BF4B-00C04F79EFBC}") = "CC_GeneticDrift", "CC_GeneticDrift\CC_GeneticDrift.csproj", "{9613D19B-1E58-4F12-8650-33AB6253B487}"
EndProject
Global
	GlobalSection(SolutionConfigurationPlatforms) = preSolution
		Debug|Any CPU = Debug|Any CPU
		Release|Any CPU = Release|Any CPU
	EndGlobalSection
	GlobalSection(ProjectConfigurationPlatforms) = postSolution
		{9613D19B-1E58-4F12-8650-33AB6253B487}.Debug|Any CPU.ActiveCfg = Debug|Any CPU
		{9613D19B-1E58-4F12-8650-33AB6253B487}.Debug|Any CPU.Build.0 = Debug|Any CPU
		{9613D19B-1E58-4F12-8650-33AB6253B487}.Release|Any CPU.ActiveCfg = Release|Any CPU
		{9613D19B-1E58-4F12-8650-33AB6253B487}.Release|Any CPU.Build.0 = Release|Any CPU
	EndGlobalSection
	GlobalSection(SolutionProperties) = preSolution
		HideSolutionNode = FALSE
	EndGlobalSection
	GlobalSection(ExtensibilityGlobals) = postSolution
		SolutionGuid = {AF52015F-9A56-41F5-9B9C-764113A4612C}
	EndGlobalSection
EndGlobal
